
Microsoft Visual Studio Solution File, Format Version 12.00
# Visual Studio 15
VisualStudioVersion = 15.0.27130.2020
MinimumVisualStudioVersion = 10.0.40219.1
Project("{FAE04EC0-301F-11D3-BF4B-00C04F79EFBC}") = "CommunityAssistant", "CommunityAssistant\CommunityAssistant.csproj", "{5862B489-99FE-4524-81B9-F9027814FD6B}"
EndProject
Global
	GlobalSection(SolutionConfigurationPlatforms) = preSolution
		Debug|Any CPU = Debug|Any CPU
		Release|Any CPU = Release|Any CPU
	EndGlobalSection
	GlobalSection(ProjectConfigurationPlatforms) = postSolution
		{5862B489-99FE-4524-81B9-F9027814FD6B}.Debug|Any CPU.ActiveCfg = Debug|Any CPU
		{5862B489-99FE-4524-81B9-F9027814FD6B}.Debug|Any CPU.Build.0 = Debug|Any CPU
		{5862B489-99FE-4524-81B9-F9027814FD6B}.Release|Any CPU.ActiveCfg = Release|Any CPU
		{5862B489-99FE-4524-81B9-F9027814FD6B}.Release|Any CPU.Build.0 = Release|Any CPU
	EndGlobalSection
	GlobalSection(SolutionProperties) = preSolution
		HideSolutionNode = FALSE
	EndGlobalSection
	GlobalSection(ExtensibilityGlobals) = postSolution
		SolutionGuid = {629ED147-FAFA-4FFA-8AE5-E27F23450D38}
	EndGlobalSection
EndGlobal
